
Microsoft Visual Studio Solution File, Format Version 12.00
# Visual Studio 2015
Project("{FAE04EC0-301F-11D3-BF4B-00C04F79EFBC}") = "Halo Forge In Real Life.CSharp", "Halo Forge In Real Life.CSharp.csproj", "{0EB8F1EF-3A4F-106F-39EF-BF8121BEA3B0}"
EndProject
Global
	GlobalSection(SolutionConfigurationPlatforms) = preSolution
		Debug|Any CPU = Debug|Any CPU
		Release|Any CPU = Release|Any CPU
	EndGlobalSection
	GlobalSection(ProjectConfigurationPlatforms) = postSolution
		{0EB8F1EF-3A4F-106F-39EF-BF8121BEA3B0}.Debug|Any CPU.ActiveCfg = Debug|Any CPU
		{0EB8F1EF-3A4F-106F-39EF-BF8121BEA3B0}.Debug|Any CPU.Build.0 = Debug|Any CPU
		{0EB8F1EF-3A4F-106F-39EF-BF8121BEA3B0}.Release|Any CPU.ActiveCfg = Release|Any CPU
		{0EB8F1EF-3A4F-106F-39EF-BF8121BEA3B0}.Release|Any CPU.Build.0 = Release|Any CPU
	EndGlobalSection
	GlobalSection(SolutionProperties) = preSolution
		HideSolutionNode = FALSE
	EndGlobalSection
EndGlobal
